
Microsoft Visual Studio Solution File, Format Version 11.00
# Visual Studio 2010
Project("{FAE04EC0-301F-11D3-BF4B-00C04F79EFBC}") = "hafta3", "hafta3\hafta3.csproj", "{7671C444-CAA2-4959-A53F-C526F8AC2562}"
EndProject
Global
	GlobalSection(SolutionConfigurationPlatforms) = preSolution
		Debug|x86 = Debug|x86
		Release|x86 = Release|x86
	EndGlobalSection
	GlobalSection(ProjectConfigurationPlatforms) = postSolution
		{7671C444-CAA2-4959-A53F-C526F8AC2562}.Debug|x86.ActiveCfg = Debug|x86
		{7671C444-CAA2-4959-A53F-C526F8AC2562}.Debug|x86.Build.0 = Debug|x86
		{7671C444-CAA2-4959-A53F-C526F8AC2562}.Release|x86.ActiveCfg = Release|x86
		{7671C444-CAA2-4959-A53F-C526F8AC2562}.Release|x86.Build.0 = Release|x86
	EndGlobalSection
	GlobalSection(SolutionProperties) = preSolution
		HideSolutionNode = FALSE
	EndGlobalSection
EndGlobal
